
Microsoft Visual Studio Solution File, Format Version 12.00
# Visual Studio Version 17
VisualStudioVersion = 17.14.36915.13
MinimumVisualStudioVersion = 10.0.40219.1
Project("{8BC9CEB8-8B4A-11D0-8D11-00A0C91BC942}") = "Client", "Client\Default\Client.vcxproj", "{EA4965B2-E58B-476B-B6A2-039C3A4344F1}"
	ProjectSection(ProjectDependencies) = postProject
		{C1CC779D-97FD-488A-B2D7-168F2B1CD908} = {C1CC779D-97FD-488A-B2D7-168F2B1CD908}
	EndProjectSection
EndProject
Project("{8BC9CEB8-8B4A-11D0-8D11-00A0C91BC942}") = "Engine", "Engine\Default\Engine.vcxproj", "{C1CC779D-97FD-488A-B2D7-168F2B1CD908}"
EndProject
Project("{8BC9CEB8-8B4A-11D0-8D11-00A0C91BC942}") = "AssimpTool", "AssimpTool\Default\AssimpTool.vcxproj", "{6C8D7252-BF9F-4958-8627-BEB1439DB25D}"
EndProject
Project("{8BC9CEB8-8B4A-11D0-8D11-00A0C91BC942}") = "DummyClient", "DummyClient\DummyClient.vcxproj", "{753C7E29-20A0-4236-BB03-125F16E88BEA}"
EndProject
Project("{2150E333-8FDC-42A3-9474-1A3956D46DE8}") = "Server", "Server", "{C8D5274F-AC00-46C7-1F8D-E88E81087A52}"
EndProject
Project("{8BC9CEB8-8B4A-11D0-8D11-00A0C91BC942}") = "GameServer", "GameServer\Default\GameServer.vcxproj", "{EDA87D99-EDF7-4B11-A4FC-96CD2E24694E}"
EndProject
Global
	GlobalSection(SolutionConfigurationPlatforms) = preSolution
		Debug|x64 = Debug|x64
		Debug|x86 = Debug|x86
		Release|x64 = Release|x64
		Release|x86 = Release|x86
	EndGlobalSection
	GlobalSection(ProjectConfigurationPlatforms) = postSolution
		{EA4965B2-E58B-476B-B6A2-039C3A4344F1}.Debug|x64.ActiveCfg = Debug|x64
		{EA4965B2-E58B-476B-B6A2-039C3A4344F1}.Debug|x64.Build.0 = Debug|x64
		{EA4965B2-E58B-476B-B6A2-039C3A4344F1}.Debug|x86.ActiveCfg = Debug|Win32
		{EA4965B2-E58B-476B-B6A2-039C3A4344F1}.Debug|x86.Build.0 = Debug|Win32
		{EA4965B2-E58B-476B-B6A2-039C3A4344F1}.Release|x64.ActiveCfg = Release|x64
		{EA4965B2-E58B-476B-B6A2-039C3A4344F1}.Release|x64.Build.0 = Release|x64
		{EA4965B2-E58B-476B-B6A2-039C3A4344F1}.Release|x86.ActiveCfg = Release|Win32
		{EA4965B2-E58B-476B-B6A2-039C3A4344F1}.Release|x86.Build.0 = Release|Win32
		{C1CC779D-97FD-488A-B2D7-168F2B1CD908}.Debug|x64.ActiveCfg = Debug|x64
		{C1CC779D-97FD-488A-B2D7-168F2B1CD908}.Debug|x64.Build.0 = Debug|x64
		{C1CC779D-97FD-488A-B2D7-168F2B1CD908}.Debug|x86.ActiveCfg = Debug|Win32
		{C1CC779D-97FD-488A-B2D7-168F2B1CD908}.Debug|x86.Build.0 = Debug|Win32
		{C1CC779D-97FD-488A-B2D7-168F2B1CD908}.Release|x64.ActiveCfg = Release|x64
		{C1CC779D-97FD-488A-B2D7-168F2B1CD908}.Release|x64.Build.0 = Release|x64
		{C1CC779D-97FD-488A-B2D7-168F2B1CD908}.Release|x86.ActiveCfg = Release|Win32
		{C1CC779D-97FD-488A-B2D7-168F2B1CD908}.Release|x86.Build.0 = Release|Win32
		{6C8D7252-BF9F-4958-8627-BEB1439DB25D}.Debug|x64.ActiveCfg = Debug|x64
		{6C8D7252-BF9F-4958-8627-BEB1439DB25D}.Debug|x64.Build.0 = Debug|x64
		{6C8D7252-BF9F-4958-8627-BEB1439DB25D}.Debug|x86.ActiveCfg = Debug|Win32
		{6C8D7252-BF9F-4958-8627-BEB1439DB25D}.Debug|x86.Build.0 = Debug|Win32
		{6C8D7252-BF9F-4958-8627-BEB1439DB25D}.Release|x64.ActiveCfg = Release|x64
		{6C8D7252-BF9F-4958-8627-BEB1439DB25D}.Release|x64.Build.0 = Release|x64
		{6C8D7252-BF9F-4958-8627-BEB1439DB25D}.Release|x86.ActiveCfg = Release|Win32
		{6C8D7252-BF9F-4958-8627-BEB1439DB25D}.Release|x86.Build.0 = Release|Win32
		{753C7E29-20A0-4236-BB03-125F16E88BEA}.Debug|x64.ActiveCfg = Debug|x64
		{753C7E29-20A0-4236-BB03-125F16E88BEA}.Debug|x64.Build.0 = Debug|x64
		{753C7E29-20A0-4236-BB03-125F16E88BEA}.Debug|x86.ActiveCfg = Debug|Win32
		{753C7E29-20A0-4236-BB03-125F16E88BEA}.Debug|x86.Build.0 = Debug|Win32
		{753C7E29-20A0-4236-BB03-125F16E88BEA}.Release|x64.ActiveCfg = Release|x64
		{753C7E29-20A0-4236-BB03-125F16E88BEA}.Release|x64.Build.0 = Release|x64
		{753C7E29-20A0-4236-BB03-125F16E88BEA}.Release|x86.ActiveCfg = Release|Win32
		{753C7E29-20A0-4236-BB03-125F16E88BEA}.Release|x86.Build.0 = Release|Win32
		{EDA87D99-EDF7-4B11-A4FC-96CD2E24694E}.Debug|x64.ActiveCfg = Debug|x64
		{EDA87D99-EDF7-4B11-A4FC-96CD2E24694E}.Debug|x64.Build.0 = Debug|x64
		{EDA87D99-EDF7-4B11-A4FC-96CD2E24694E}.Debug|x86.ActiveCfg = Debug|Win32
		{EDA87D99-EDF7-4B11-A4FC-96CD2E24694E}.Debug|x86.Build.0 = Debug|Win32
		{EDA87D99-EDF7-4B11-A4FC-96CD2E24694E}.Release|x64.ActiveCfg = Release|x64
		{EDA87D99-EDF7-4B11-A4FC-96CD2E24694E}.Release|x64.Build.0 = Release|x64
		{EDA87D99-EDF7-4B11-A4FC-96CD2E24694E}.Release|x86.ActiveCfg = Release|Win32
		{EDA87D99-EDF7-4B11-A4FC-96CD2E24694E}.Release|x86.Build.0 = Release|Win32
	EndGlobalSection
	GlobalSection(SolutionProperties) = preSolution
		HideSolutionNode = FALSE
	EndGlobalSection
	GlobalSection(NestedProjects) = preSolution
		{753C7E29-20A0-4236-BB03-125F16E88BEA} = {C8D5274F-AC00-46C7-1F8D-E88E81087A52}
		{EDA87D99-EDF7-4B11-A4FC-96CD2E24694E} = {C8D5274F-AC00-46C7-1F8D-E88E81087A52}
	EndGlobalSection
	GlobalSection(ExtensibilityGlobals) = postSolution
		SolutionGuid = {E6123451-4D28-4BE8-BA11-49C2EA6CB345}
	EndGlobalSection
EndGlobal
