<?xml version="1.0" encoding="utf-8"?>
<Project ToolsVersion="4.0" xmlns="http://schemas.microsoft.com/developer/msbuild/2003">
  <ItemGroup>
    <Filter Include="99.Defines.h">
      <UniqueIdentifier>{c5ecc3a7-6c53-4f1a-8f4d-ae174ff559c9}</UniqueIdentifier>
    </Filter>
    <Filter Include="98.Utils">
      <UniqueIdentifier>{824625df-41b0-48a1-8c3b-c9c09ebacc82}</UniqueIdentifier>
    </Filter>
    <Filter Include="00.GameInstance">
      <UniqueIdentifier>{30daf042-cb9f-413a-895c-b444206fa458}</UniqueIdentifier>
    </Filter>
    <Filter Include="01.Timers">
      <UniqueIdentifier>{ec9c337e-afb4-4232-ba3b-182addece7fd}</UniqueIdentifier>
    </Filter>
    <Filter Include="02.Device">
      <UniqueIdentifier>{987b80fc-dffc-4bcd-8ef0-003389495305}</UniqueIdentifier>
    </Filter>
    <Filter Include="03.Level">
      <UniqueIdentifier>{6f686736-4b5a-483d-b659-89140f48c330}</UniqueIdentifier>
    </Filter>
    <Filter Include="04.Prototype">
      <UniqueIdentifier>{e31106f5-e393-4ed5-bf9f-0506d7f8aed4}</UniqueIdentifier>
    </Filter>
    <Filter Include="05.GameObject">
      <UniqueIdentifier>{c5394994-d8cd-45fb-820c-d0a21893feea}</UniqueIdentifier>
    </Filter>
    <Filter Include="06.Component">
      <UniqueIdentifier>{d4382499-c3dd-40f4-b107-8a296ee838c2}</UniqueIdentifier>
    </Filter>
    <Filter Include="02.Device\Graphic">
      <UniqueIdentifier>{12c37a89-2981-4efb-aae2-2ac80f423f49}</UniqueIdentifier>
    </Filter>
    <Filter Include="01.Timers\Manager">
      <UniqueIdentifier>{d96f9e76-82af-4b86-a420-9b1229278015}</UniqueIdentifier>
    </Filter>
    <Filter Include="03.Level\Manager">
      <UniqueIdentifier>{8036fe02-2c42-4403-868d-4373baadf174}</UniqueIdentifier>
    </Filter>
    <Filter Include="04.Prototype\Manager">
      <UniqueIdentifier>{ae128b7e-dccf-425c-b91c-c9efe833b92f}</UniqueIdentifier>
    </Filter>
    <Filter Include="05.GameObject\Manager">
      <UniqueIdentifier>{1cf12083-1543-4676-88c8-18f11b01260f}</UniqueIdentifier>
    </Filter>
    <Filter Include="05.GameObject\Manager\Layer">
      <UniqueIdentifier>{53efea8c-608c-4fab-806d-99d7cf154991}</UniqueIdentifier>
    </Filter>
    <Filter Include="06.Component\MonoBehaviour">
      <UniqueIdentifier>{cabafe26-e5b7-46c6-a6b0-89e1ab975cec}</UniqueIdentifier>
    </Filter>
    <Filter Include="06.Component\Transform">
      <UniqueIdentifier>{ef5bb1fb-51b8-4431-b98a-dee654269bb6}</UniqueIdentifier>
    </Filter>
    <Filter Include="06.Component\Camera">
      <UniqueIdentifier>{0e0daa7c-5513-4536-8702-00ac1f5ffda8}</UniqueIdentifier>
    </Filter>
    <Filter Include="07.Renderer">
      <UniqueIdentifier>{e4d260c2-deed-43d7-98f0-174e8a02f1c4}</UniqueIdentifier>
    </Filter>
    <Filter Include="97.Graphics">
      <UniqueIdentifier>{1e23ef45-423e-47c8-89e8-488c94d8cd45}</UniqueIdentifier>
    </Filter>
    <Filter Include="97.Graphics\VertexData">
      <UniqueIdentifier>{c2d78cab-5e57-4cd3-a415-f2621e33bd35}</UniqueIdentifier>
    </Filter>
    <Filter Include="97.Graphics\Buffer">
      <UniqueIdentifier>{3c6b182c-c0c1-4d46-966a-8d9f981e550f}</UniqueIdentifier>
    </Filter>
    <Filter Include="97.Graphics\Shader">
      <UniqueIdentifier>{d96b9645-aa2a-49e4-b63b-900f5a739efd}</UniqueIdentifier>
    </Filter>
    <Filter Include="96.Resource">
      <UniqueIdentifier>{7463d1aa-9b15-49f2-a879-4972fcb980d6}</UniqueIdentifier>
    </Filter>
    <Filter Include="96.Resource\Texture">
      <UniqueIdentifier>{08487506-5414-4afa-b9d9-92e536c9cab5}</UniqueIdentifier>
    </Filter>
    <Filter Include="96.Resource\Mesh">
      <UniqueIdentifier>{38606a3e-41bd-4cdb-a703-44b2c52f7a80}</UniqueIdentifier>
    </Filter>
    <Filter Include="96.Resource\Material">
      <UniqueIdentifier>{b593b5b5-cf62-41f1-a554-13e7d3fb1ce9}</UniqueIdentifier>
    </Filter>
    <Filter Include="97.Graphics\Buffer\Geometry">
      <UniqueIdentifier>{8d59b7f0-5c86-41c1-9144-89231558d2c3}</UniqueIdentifier>
    </Filter>
    <Filter Include="06.Component\MeshRenderer">
      <UniqueIdentifier>{57a4e98b-3d1e-4d0a-b5e4-2539f11b0df4}</UniqueIdentifier>
    </Filter>
    <Filter Include="96.Resource\Manager">
      <UniqueIdentifier>{2981b1f0-4869-4475-bfde-75f37717441d}</UniqueIdentifier>
    </Filter>
    <Filter Include="50.Input">
      <UniqueIdentifier>{39d68389-c63f-4920-917c-13f99bd1a5fd}</UniqueIdentifier>
    </Filter>
    <Filter Include="96.Resource\Model">
      <UniqueIdentifier>{ad79f400-19cc-4478-baea-a6ad2999cea0}</UniqueIdentifier>
    </Filter>
    <Filter Include="06.Component\ModelRenderer">
      <UniqueIdentifier>{de14ba7d-8b97-4e9f-868f-a7979ccc26fc}</UniqueIdentifier>
    </Filter>
    <Filter Include="06.Component\ModelAnimator">
      <UniqueIdentifier>{1e5c0a5a-dbe1-45dd-9466-edc9f7e1dad0}</UniqueIdentifier>
    </Filter>
    <Filter Include="98.Utils\ImGUI">
      <UniqueIdentifier>{d7464b8c-0579-4b83-b952-7f682e7a80b9}</UniqueIdentifier>
    </Filter>
    <Filter Include="98.Utils\ImGuizmo">
      <UniqueIdentifier>{ce75d19e-fe77-4b6d-9e86-b9ce15c5cb17}</UniqueIdentifier>
    </Filter>
    <Filter Include="05.GameObject\Factory">
      <UniqueIdentifier>{bb5dd68b-e9c1-4e28-bea9-c78ac797f13a}</UniqueIdentifier>
    </Filter>
    <Filter Include="98.Utils\SaveLoad">
      <UniqueIdentifier>{dabef8a0-c4be-4ac0-a2a6-44823c4c0203}</UniqueIdentifier>
    </Filter>
    <Filter Include="06.Component\ModelAnimator\AnimFSM">
      <UniqueIdentifier>{50b92b89-2549-45cf-ab8f-170713741722}</UniqueIdentifier>
    </Filter>
    <Filter Include="06.Component\ModelAnimator\AnimState">
      <UniqueIdentifier>{3ff4fa8f-c41a-4bb0-bf81-a678dad13c39}</UniqueIdentifier>
    </Filter>
    <Filter Include="06.Component\ModelAnimator\Transition">
      <UniqueIdentifier>{9796faaf-43a8-4959-a589-7f0e4bbade70}</UniqueIdentifier>
    </Filter>
    <Filter Include="06.Component\ModelAnimator\Condition">
      <UniqueIdentifier>{c2686419-6603-4b89-a9d0-e55542b13c69}</UniqueIdentifier>
    </Filter>
    <Filter Include="98.Utils\ImNodes">
      <UniqueIdentifier>{80f8eb96-a274-4dc4-a326-688487e2514a}</UniqueIdentifier>
    </Filter>
    <Filter Include="06.Component\SpriteRenderer">
      <UniqueIdentifier>{42998e4b-7dda-44ea-b3c9-9e0936dabd31}</UniqueIdentifier>
    </Filter>
    <Filter Include="06.Component\Collider">
      <UniqueIdentifier>{ae48d101-2119-42a1-8397-acbc994d5ce4}</UniqueIdentifier>
    </Filter>
    <Filter Include="06.Component\Collider\AABB">
      <UniqueIdentifier>{b1541d2c-be7c-4dbf-9585-0c4b01a93579}</UniqueIdentifier>
    </Filter>
  </ItemGroup>
  <ItemGroup>
    <ClInclude Include="..\Public\Engine_Defines.h">
      <Filter>99.Defines.h</Filter>
    </ClInclude>
    <ClInclude Include="..\Public\Engine_Enum.h">
      <Filter>99.Defines.h</Filter>
    </ClInclude>
    <ClInclude Include="..\Public\Engine_Function.h">
      <Filter>99.Defines.h</Filter>
    </ClInclude>
    <ClInclude Include="..\Public\Engine_Typedef.h">
      <Filter>99.Defines.h</Filter>
    </ClInclude>
    <ClInclude Include="..\Public\Engine_Macro.h">
      <Filter>99.Defines.h</Filter>
    </ClInclude>
    <ClInclude Include="..\Public\Engine_Struct.h">
      <Filter>99.Defines.h</Filter>
    </ClInclude>
    <ClInclude Include="..\Public\SimpleMath.h">
      <Filter>98.Utils</Filter>
    </ClInclude>
    <ClInclude Include="pch.h" />
    <ClInclude Include="..\Public\Graphic_Device.h">
      <Filter>02.Device\Graphic</Filter>
    </ClInclude>
    <ClInclude Include="..\Public\Timer.h">
      <Filter>01.Timers</Filter>
    </ClInclude>
    <ClInclude Include="..\Public\Timer_Manager.h">
      <Filter>01.Timers\Manager</Filter>
    </ClInclude>
    <ClInclude Include="..\Public\Level.h">
      <Filter>03.Level</Filter>
    </ClInclude>
    <ClInclude Include="..\Public\Level_Manager.h">
      <Filter>03.Level\Manager</Filter>
    </ClInclude>
    <ClInclude Include="..\Public\GameInstance.h">
      <Filter>00.GameInstance</Filter>
    </ClInclude>
    <ClInclude Include="..\Public\Prototype_Manager.h">
      <Filter>04.Prototype\Manager</Filter>
    </ClInclude>
    <ClInclude Include="..\Public\Prototype.h">
      <Filter>04.Prototype</Filter>
    </ClInclude>
    <ClInclude Include="..\Public\GameObject.h">
      <Filter>05.GameObject</Filter>
    </ClInclude>
    <ClInclude Include="..\Public\Component.h">
      <Filter>06.Component</Filter>
    </ClInclude>
    <ClInclude Include="..\Public\Layer.h">
      <Filter>05.GameObject\Manager\Layer</Filter>
    </ClInclude>
    <ClInclude Include="..\Public\Object_Manager.h">
      <Filter>05.GameObject\Manager</Filter>
    </ClInclude>
    <ClInclude Include="..\Public\MonoBehaviour.h">
      <Filter>06.Component\MonoBehaviour</Filter>
    </ClInclude>
    <ClInclude Include="..\Public\Transform.h">
      <Filter>06.Component\Transform</Filter>
    </ClInclude>
    <ClInclude Include="..\Public\Camera.h">
      <Filter>06.Component\Camera</Filter>
    </ClInclude>
    <ClInclude Include="..\Public\Renderer.h">
      <Filter>07.Renderer</Filter>
    </ClInclude>
    <ClInclude Include="..\Public\VertexData.h">
      <Filter>97.Graphics\VertexData</Filter>
    </ClInclude>
    <ClInclude Include="..\Public\VertexBuffer.h">
      <Filter>97.Graphics\Buffer</Filter>
    </ClInclude>
    <ClInclude Include="..\Public\IndexBuffer.h">
      <Filter>97.Graphics\Buffer</Filter>
    </ClInclude>
    <ClInclude Include="..\Public\Shader.h">
      <Filter>97.Graphics\Shader</Filter>
    </ClInclude>
    <ClInclude Include="..\Public\Pass.h">
      <Filter>97.Graphics\Shader</Filter>
    </ClInclude>
    <ClInclude Include="..\Public\Technique.h">
      <Filter>97.Graphics\Shader</Filter>
    </ClInclude>
    <ClInclude Include="..\Public\Utils.h">
      <Filter>98.Utils</Filter>
    </ClInclude>
    <ClInclude Include="..\Public\ConstantBuffer.h">
      <Filter>97.Graphics\Buffer</Filter>
    </ClInclude>
    <ClInclude Include="..\Public\ResourceBase.h">
      <Filter>96.Resource</Filter>
    </ClInclude>
    <ClInclude Include="..\Public\Texture.h">
      <Filter>96.Resource\Texture</Filter>
    </ClInclude>
    <ClInclude Include="..\Public\Geometry.h">
      <Filter>97.Graphics\Buffer\Geometry</Filter>
    </ClInclude>
    <ClInclude Include="..\Public\GeometryHelper.h">
      <Filter>97.Graphics\Buffer\Geometry</Filter>
    </ClInclude>
    <ClInclude Include="..\Public\Mesh.h">
      <Filter>96.Resource\Mesh</Filter>
    </ClInclude>
    <ClInclude Include="..\Public\Material.h">
      <Filter>96.Resource\Material</Filter>
    </ClInclude>
    <ClInclude Include="..\Public\BindShaderDesc.h">
      <Filter>98.Utils</Filter>
    </ClInclude>
    <ClInclude Include="..\Public\MeshRenderer.h">
      <Filter>06.Component\MeshRenderer</Filter>
    </ClInclude>
    <ClInclude Include="..\Public\Resource_Manager.h">
      <Filter>96.Resource\Manager</Filter>
    </ClInclude>
    <ClInclude Include="..\Public\Input_Manager.h">
      <Filter>50.Input</Filter>
    </ClInclude>
    <ClInclude Include="..\Public\ModelMesh.h">
      <Filter>96.Resource\Model</Filter>
    </ClInclude>
    <ClInclude Include="..\Public\Model.h">
      <Filter>96.Resource\Model</Filter>
    </ClInclude>
    <ClInclude Include="..\Public\ModelRenderer.h">
      <Filter>06.Component\ModelRenderer</Filter>
    </ClInclude>
    <ClInclude Include="..\Public\FileUtils.h">
      <Filter>98.Utils</Filter>
    </ClInclude>
    <ClInclude Include="..\Public\tinyxml2.h">
      <Filter>98.Utils</Filter>
    </ClInclude>
    <ClInclude Include="..\Public\ModelAnimation.h">
      <Filter>96.Resource\Model</Filter>
    </ClInclude>
    <ClInclude Include="..\Public\ModelAnimator.h">
      <Filter>06.Component\ModelAnimator</Filter>
    </ClInclude>
    <ClInclude Include="imgui_impl_dx11.h">
      <Filter>98.Utils\ImGUI</Filter>
    </ClInclude>
    <ClInclude Include="imgui_impl_win32.h">
      <Filter>98.Utils\ImGUI</Filter>
    </ClInclude>
    <ClInclude Include="imgui_internal.h">
      <Filter>98.Utils\ImGUI</Filter>
    </ClInclude>
    <ClInclude Include="imstb_rectpack.h">
      <Filter>98.Utils\ImGUI</Filter>
    </ClInclude>
    <ClInclude Include="imstb_textedit.h">
      <Filter>98.Utils\ImGUI</Filter>
    </ClInclude>
    <ClInclude Include="imstb_truetype.h">
      <Filter>98.Utils\ImGUI</Filter>
    </ClInclude>
    <ClInclude Include="imconfig.h">
      <Filter>98.Utils\ImGUI</Filter>
    </ClInclude>
    <ClInclude Include="imgui.h">
      <Filter>98.Utils\ImGUI</Filter>
    </ClInclude>
    <ClInclude Include="..\Public\ImCurveEdit.h">
      <Filter>98.Utils\ImGuizmo</Filter>
    </ClInclude>
    <ClInclude Include="..\Public\ImGradient.h">
      <Filter>98.Utils\ImGuizmo</Filter>
    </ClInclude>
    <ClInclude Include="..\Public\ImGuizmo.h">
      <Filter>98.Utils\ImGuizmo</Filter>
    </ClInclude>
    <ClInclude Include="..\Public\ImSequencer.h">
      <Filter>98.Utils\ImGuizmo</Filter>
    </ClInclude>
    <ClInclude Include="..\Public\ImZoomSlider.h">
      <Filter>98.Utils\ImGuizmo</Filter>
    </ClInclude>
    <ClInclude Include="..\Public\GameObjectFactory.h">
      <Filter>05.GameObject\Factory</Filter>
    </ClInclude>
    <ClInclude Include="..\Public\LevelSaveLoader.h">
      <Filter>98.Utils\SaveLoad</Filter>
    </ClInclude>
    <ClInclude Include="..\Public\AnimFSM.h">
      <Filter>06.Component\ModelAnimator\AnimFSM</Filter>
    </ClInclude>
    <ClInclude Include="..\Public\AnimState.h">
      <Filter>06.Component\ModelAnimator\AnimState</Filter>
    </ClInclude>
    <ClInclude Include="..\Public\Transition.h">
      <Filter>06.Component\ModelAnimator\Transition</Filter>
    </ClInclude>
    <ClInclude Include="..\Public\Condition.h">
      <Filter>06.Component\ModelAnimator\Condition</Filter>
    </ClInclude>
    <ClInclude Include="..\Public\imnodes.h">
      <Filter>98.Utils\ImNodes</Filter>
    </ClInclude>
    <ClInclude Include="..\Public\imnodes_internal.h">
      <Filter>98.Utils\ImNodes</Filter>
    </ClInclude>
    <ClInclude Include="..\Public\SpriteRenderer.h">
      <Filter>06.Component\SpriteRenderer</Filter>
    </ClInclude>
    <ClInclude Include="..\Public\Collider.h">
      <Filter>06.Component\Collider</Filter>
    </ClInclude>
    <ClInclude Include="..\Public\AABBCollider.h">
      <Filter>06.Component\Collider\AABB</Filter>
    </ClInclude>
  </ItemGroup>
  <ItemGroup>
    <None Include="..\Public\SimpleMath.inl">
      <Filter>98.Utils</Filter>
    </None>
  </ItemGroup>
  <ItemGroup>
    <ClCompile Include="..\Private\SimpleMath.cpp">
      <Filter>98.Utils</Filter>
    </ClCompile>
    <ClCompile Include="pch.cpp" />
    <ClCompile Include="..\Private\Graphic_Device.cpp">
      <Filter>02.Device\Graphic</Filter>
    </ClCompile>
    <ClCompile Include="..\Private\Timer.cpp">
      <Filter>01.Timers</Filter>
    </ClCompile>
    <ClCompile Include="..\Private\Timer_Manager.cpp">
      <Filter>01.Timers\Manager</Filter>
    </ClCompile>
    <ClCompile Include="..\Private\Level.cpp">
      <Filter>03.Level</Filter>
    </ClCompile>
    <ClCompile Include="..\Private\Level_Manager.cpp">
      <Filter>03.Level\Manager</Filter>
    </ClCompile>
    <ClCompile Include="..\Private\GameInstance.cpp">
      <Filter>00.GameInstance</Filter>
    </ClCompile>
    <ClCompile Include="..\Private\Prototype_Manager.cpp">
      <Filter>04.Prototype\Manager</Filter>
    </ClCompile>
    <ClCompile Include="..\Private\Prototype.cpp">
      <Filter>04.Prototype</Filter>
    </ClCompile>
    <ClCompile Include="..\Private\GameObject.cpp">
      <Filter>05.GameObject</Filter>
    </ClCompile>
    <ClCompile Include="..\Private\Component.cpp">
      <Filter>06.Component</Filter>
    </ClCompile>
    <ClCompile Include="..\Private\Layer.cpp">
      <Filter>05.GameObject\Manager\Layer</Filter>
    </ClCompile>
    <ClCompile Include="..\Private\Object_Manager.cpp">
      <Filter>05.GameObject\Manager</Filter>
    </ClCompile>
    <ClCompile Include="..\Private\MonoBehaviour.cpp">
      <Filter>06.Component\MonoBehaviour</Filter>
    </ClCompile>
    <ClCompile Include="..\Private\Transform.cpp">
      <Filter>06.Component\Transform</Filter>
    </ClCompile>
    <ClCompile Include="..\Private\Camera.cpp">
      <Filter>06.Component\Camera</Filter>
    </ClCompile>
    <ClCompile Include="..\Private\Renderer.cpp">
      <Filter>07.Renderer</Filter>
    </ClCompile>
    <ClCompile Include="..\Private\VertexData.cpp">
      <Filter>97.Graphics\VertexData</Filter>
    </ClCompile>
    <ClCompile Include="..\Private\VertexBuffer.cpp">
      <Filter>97.Graphics\Buffer</Filter>
    </ClCompile>
    <ClCompile Include="..\Private\IndexBuffer.cpp">
      <Filter>97.Graphics\Buffer</Filter>
    </ClCompile>
    <ClCompile Include="..\Private\Shader.cpp">
      <Filter>97.Graphics\Shader</Filter>
    </ClCompile>
    <ClCompile Include="..\Private\Pass.cpp">
      <Filter>97.Graphics\Shader</Filter>
    </ClCompile>
    <ClCompile Include="..\Private\Technique.cpp">
      <Filter>97.Graphics\Shader</Filter>
    </ClCompile>
    <ClCompile Include="..\Private\Utils.cpp">
      <Filter>98.Utils</Filter>
    </ClCompile>
    <ClCompile Include="..\Private\ConstantBuffer.cpp">
      <Filter>97.Graphics\Buffer</Filter>
    </ClCompile>
    <ClCompile Include="..\Private\ResourceBase.cpp">
      <Filter>96.Resource</Filter>
    </ClCompile>
    <ClCompile Include="..\Private\Texture.cpp">
      <Filter>96.Resource\Texture</Filter>
    </ClCompile>
    <ClCompile Include="..\Private\Geometry.cpp">
      <Filter>97.Graphics\Buffer\Geometry</Filter>
    </ClCompile>
    <ClCompile Include="..\Private\GeometryHelper.cpp">
      <Filter>97.Graphics\Buffer\Geometry</Filter>
    </ClCompile>
    <ClCompile Include="..\Private\Mesh.cpp">
      <Filter>96.Resource\Mesh</Filter>
    </ClCompile>
    <ClCompile Include="..\Private\Material.cpp">
      <Filter>96.Resource\Material</Filter>
    </ClCompile>
    <ClCompile Include="..\Private\BindShaderDesc.cpp">
      <Filter>98.Utils</Filter>
    </ClCompile>
    <ClCompile Include="..\Private\MeshRenderer.cpp">
      <Filter>06.Component\MeshRenderer</Filter>
    </ClCompile>
    <ClCompile Include="..\Private\Resource_Manager.cpp">
      <Filter>96.Resource\Manager</Filter>
    </ClCompile>
    <ClCompile Include="..\Private\Input_Manager.cpp">
      <Filter>50.Input</Filter>
    </ClCompile>
    <ClCompile Include="..\Private\ModelMesh.cpp">
      <Filter>96.Resource\Model</Filter>
    </ClCompile>
    <ClCompile Include="..\Private\Model.cpp">
      <Filter>96.Resource\Model</Filter>
    </ClCompile>
    <ClCompile Include="..\Private\ModelRenderer.cpp">
      <Filter>06.Component\ModelRenderer</Filter>
    </ClCompile>
    <ClCompile Include="..\Private\FileUtils.cpp">
      <Filter>98.Utils</Filter>
    </ClCompile>
    <ClCompile Include="..\Private\tinyxml2.cpp">
      <Filter>98.Utils</Filter>
    </ClCompile>
    <ClCompile Include="..\Private\ModelAnimation.cpp">
      <Filter>96.Resource\Model</Filter>
    </ClCompile>
    <ClCompile Include="..\Private\ModelAnimator.cpp">
      <Filter>06.Component\ModelAnimator</Filter>
    </ClCompile>
    <ClCompile Include="imgui_demo.cpp">
      <Filter>98.Utils\ImGUI</Filter>
    </ClCompile>
    <ClCompile Include="imgui_draw.cpp">
      <Filter>98.Utils\ImGUI</Filter>
    </ClCompile>
    <ClCompile Include="imgui_impl_dx11.cpp">
      <Filter>98.Utils\ImGUI</Filter>
    </ClCompile>
    <ClCompile Include="imgui_impl_win32.cpp">
      <Filter>98.Utils\ImGUI</Filter>
    </ClCompile>
    <ClCompile Include="imgui_tables.cpp">
      <Filter>98.Utils\ImGUI</Filter>
    </ClCompile>
    <ClCompile Include="imgui_widgets.cpp">
      <Filter>98.Utils\ImGUI</Filter>
    </ClCompile>
    <ClCompile Include="imgui.cpp">
      <Filter>98.Utils\ImGUI</Filter>
    </ClCompile>
    <ClCompile Include="..\Private\GraphEditor.cpp">
      <Filter>98.Utils\ImGuizmo</Filter>
    </ClCompile>
    <ClCompile Include="..\Private\ImCurveEdit.cpp">
      <Filter>98.Utils\ImGuizmo</Filter>
    </ClCompile>
    <ClCompile Include="..\Private\ImGradient.cpp">
      <Filter>98.Utils\ImGuizmo</Filter>
    </ClCompile>
    <ClCompile Include="..\Private\ImGuizmo.cpp">
      <Filter>98.Utils\ImGuizmo</Filter>
    </ClCompile>
    <ClCompile Include="..\Private\ImSequencer.cpp">
      <Filter>98.Utils\ImGuizmo</Filter>
    </ClCompile>
    <ClCompile Include="..\Private\GameObjectFactory.cpp">
      <Filter>05.GameObject\Factory</Filter>
    </ClCompile>
    <ClCompile Include="..\Private\LevelSaveLoader.cpp">
      <Filter>98.Utils\SaveLoad</Filter>
    </ClCompile>
    <ClCompile Include="..\Private\AnimFSM.cpp">
      <Filter>06.Component\ModelAnimator\AnimFSM</Filter>
    </ClCompile>
    <ClCompile Include="..\Private\AnimState.cpp">
      <Filter>06.Component\ModelAnimator\AnimState</Filter>
    </ClCompile>
    <ClCompile Include="..\Private\Transition.cpp">
      <Filter>06.Component\ModelAnimator\Transition</Filter>
    </ClCompile>
    <ClCompile Include="..\Private\Condition.cpp">
      <Filter>06.Component\ModelAnimator\Condition</Filter>
    </ClCompile>
    <ClCompile Include="..\Private\imnodes.cpp">
      <Filter>98.Utils\ImNodes</Filter>
    </ClCompile>
    <ClCompile Include="..\Private\SpriteRenderer.cpp">
      <Filter>06.Component\SpriteRenderer</Filter>
    </ClCompile>
    <ClCompile Include="..\Private\Collider.cpp">
      <Filter>06.Component\Collider</Filter>
    </ClCompile>
    <ClCompile Include="..\Private\AABBCollider.cpp">
      <Filter>06.Component\Collider\AABB</Filter>
    </ClCompile>
  </ItemGroup>
</Project>