<?xml version="1.0" encoding="utf-8"?>
<Project ToolsVersion="4.0" xmlns="http://schemas.microsoft.com/developer/msbuild/2003">
  <ItemGroup>
    <Filter Include="98.Default">
      <UniqueIdentifier>{9a6a778a-198f-4d2e-a858-50d229df983e}</UniqueIdentifier>
    </Filter>
    <Filter Include="99.Defines">
      <UniqueIdentifier>{75fb9e5e-95de-49ce-acd6-ff07fdaa63a5}</UniqueIdentifier>
    </Filter>
    <Filter Include="99.Defines\ImGUI">
      <UniqueIdentifier>{dea638e5-5b29-44a2-b95a-bd1bc47d6403}</UniqueIdentifier>
    </Filter>
    <Filter Include="99.Defines\ImGUI\Manager">
      <UniqueIdentifier>{40eb5c04-e887-43f2-8c24-563db8168f77}</UniqueIdentifier>
    </Filter>
    <Filter Include="Utils">
      <UniqueIdentifier>{57595ff5-d0b5-4d97-8474-1406e5ecce11}</UniqueIdentifier>
    </Filter>
    <Filter Include="00.ToolApp">
      <UniqueIdentifier>{4852cac4-a3fd-45d9-b672-88daed87759e}</UniqueIdentifier>
    </Filter>
    <Filter Include="01.Levels">
      <UniqueIdentifier>{684c089a-8364-460a-884a-c5bb2ded7a93}</UniqueIdentifier>
    </Filter>
    <Filter Include="02.GameObject">
      <UniqueIdentifier>{cb215a62-aeee-431f-ab52-d77b10839455}</UniqueIdentifier>
    </Filter>
    <Filter Include="01.Levels\Convert">
      <UniqueIdentifier>{f5c592b9-6617-4798-90e3-9ac4b6b1a755}</UniqueIdentifier>
    </Filter>
    <Filter Include="02.GameObject\TestCorin">
      <UniqueIdentifier>{cb62f88c-92fd-46a4-b4c6-55173fc513e4}</UniqueIdentifier>
    </Filter>
    <Filter Include="02.GameObject\Camera">
      <UniqueIdentifier>{ffff6ea4-1ce6-4d58-8290-ef7417dc244f}</UniqueIdentifier>
    </Filter>
    <Filter Include="01.Levels\Loading">
      <UniqueIdentifier>{286bb1ab-8a8c-49e0-afcc-a35d466d00a6}</UniqueIdentifier>
    </Filter>
    <Filter Include="01.Levels\Loading\Loader">
      <UniqueIdentifier>{cf6cd715-1b99-427c-8b52-22a64b3410b8}</UniqueIdentifier>
    </Filter>
    <Filter Include="02.GameObject\TestSphere">
      <UniqueIdentifier>{84a7866b-1dd9-4496-84cb-c57d9f3a3c50}</UniqueIdentifier>
    </Filter>
    <Filter Include="99.Defines\ImGuizmo">
      <UniqueIdentifier>{84ecab7d-6c64-4274-b65d-ee077cd6147e}</UniqueIdentifier>
    </Filter>
    <Filter Include="02.GameObject\SkyBox">
      <UniqueIdentifier>{76242c09-1342-444a-9338-ae54e4ef6a03}</UniqueIdentifier>
    </Filter>
    <Filter Include="99.Defines\ImNodes">
      <UniqueIdentifier>{4a28afc6-6f80-46fd-9f41-8b52b9c9fe37}</UniqueIdentifier>
    </Filter>
    <Filter Include="03.Scirpts">
      <UniqueIdentifier>{2b1e3958-390f-4e21-9565-c512f76d348f}</UniqueIdentifier>
    </Filter>
    <Filter Include="02.GameObject\TestUI">
      <UniqueIdentifier>{bab82520-cb48-495a-bf35-77d927bad2b9}</UniqueIdentifier>
    </Filter>
    <Filter Include="03.Scirpts\Network">
      <UniqueIdentifier>{128203a3-7286-4fd0-8da8-a823255c1ba0}</UniqueIdentifier>
    </Filter>
    <Filter Include="03.Scirpts\Network\NetworkTransformView">
      <UniqueIdentifier>{2431a41f-b55c-4087-a745-0a115db5b129}</UniqueIdentifier>
    </Filter>
    <Filter Include="03.Scirpts\Network\Manager">
      <UniqueIdentifier>{e5cbc62f-329e-43bb-90e2-ec9a845b6349}</UniqueIdentifier>
    </Filter>
    <Filter Include="01.Levels\StaticMeshTest">
      <UniqueIdentifier>{02d5897f-2092-4bde-a8a8-bba1bed01790}</UniqueIdentifier>
    </Filter>
    <Filter Include="03.Scirpts\Network\NetworkAnimationView">
      <UniqueIdentifier>{1c165cb3-f1a4-463a-a556-b5130dad9fe2}</UniqueIdentifier>
    </Filter>
    <Filter Include="02.GameObject\CorinWeapon">
      <UniqueIdentifier>{f53a8bd0-1287-4e1d-b80e-d8fb8e5d22ac}</UniqueIdentifier>
    </Filter>
    <Filter Include="04.StateMachine">
      <UniqueIdentifier>{f3da060b-f673-4438-8293-cf5909395278}</UniqueIdentifier>
    </Filter>
    <Filter Include="04.StateMachine\Corin">
      <UniqueIdentifier>{d6156c2e-cdcc-4ed0-abc9-458c7028b67a}</UniqueIdentifier>
    </Filter>
    <Filter Include="04.StateMachine\Corin\Idle">
      <UniqueIdentifier>{4678ce10-9bef-44ec-93bb-d523b03184ae}</UniqueIdentifier>
    </Filter>
    <Filter Include="04.StateMachine\Corin\Evade">
      <UniqueIdentifier>{d7ebe104-2c6a-4564-8efd-aec37ed56f9e}</UniqueIdentifier>
    </Filter>
    <Filter Include="04.StateMachine\Corin\NormalAttack">
      <UniqueIdentifier>{3bc928da-b27b-4460-9260-8af051705321}</UniqueIdentifier>
    </Filter>
    <Filter Include="04.StateMachine\Corin\DashAttack">
      <UniqueIdentifier>{062a4823-e965-4f5b-9bfe-814d7500b34b}</UniqueIdentifier>
    </Filter>
    <Filter Include="04.StateMachine\Corin\Sleep">
      <UniqueIdentifier>{afc277e5-75db-4c11-b973-be01613ccccf}</UniqueIdentifier>
    </Filter>
    <Filter Include="04.StateMachine\Ellen">
      <UniqueIdentifier>{0d34b12d-ba95-4cb5-a93d-a282f7bcbd41}</UniqueIdentifier>
    </Filter>
    <Filter Include="04.StateMachine\Ellen\Idle">
      <UniqueIdentifier>{ade43434-4e5a-40cb-9897-a354c0bae38a}</UniqueIdentifier>
    </Filter>
    <Filter Include="04.StateMachine\Ellen\Evade">
      <UniqueIdentifier>{91ef74c0-7b12-466b-b15c-2eacde793481}</UniqueIdentifier>
    </Filter>
    <Filter Include="04.StateMachine\Ellen\Sleep">
      <UniqueIdentifier>{94c1179b-fa21-4988-9bff-f3d2c6722d6f}</UniqueIdentifier>
    </Filter>
    <Filter Include="04.StateMachine\Ellen\NormalAttack">
      <UniqueIdentifier>{03cc91d7-19c0-417f-8814-7c00611dcbb7}</UniqueIdentifier>
    </Filter>
    <Filter Include="04.StateMachine\Corin\SwitchIn">
      <UniqueIdentifier>{f124e048-38fd-4f2c-b953-bd904ed2aa7d}</UniqueIdentifier>
    </Filter>
    <Filter Include="04.StateMachine\Corin\SwitchOut">
      <UniqueIdentifier>{b5d3996d-45ad-4bc1-8094-1c0f735a647f}</UniqueIdentifier>
    </Filter>
    <Filter Include="04.StateMachine\Ellen\SwitchOut">
      <UniqueIdentifier>{3ec9fa98-ae2f-4117-8d6f-b48016f6b580}</UniqueIdentifier>
    </Filter>
    <Filter Include="04.StateMachine\Ellen\SwitchIn">
      <UniqueIdentifier>{e88a9700-675a-430a-bee5-9b974a9da0e5}</UniqueIdentifier>
    </Filter>
  </ItemGroup>
  <ItemGroup>
    <ClInclude Include="AssimpTool.h">
      <Filter>98.Default</Filter>
    </ClInclude>
    <ClInclude Include="framework.h">
      <Filter>98.Default</Filter>
    </ClInclude>
    <ClInclude Include="Resource.h">
      <Filter>98.Default</Filter>
    </ClInclude>
    <ClInclude Include="targetver.h">
      <Filter>98.Default</Filter>
    </ClInclude>
    <ClInclude Include="pch.h" />
    <ClInclude Include="..\Public\AssimpTool_Defines.h">
      <Filter>99.Defines</Filter>
    </ClInclude>
    <ClInclude Include="..\Public\Converter.h">
      <Filter>Utils</Filter>
    </ClInclude>
    <ClInclude Include="..\Public\AsTypes.h">
      <Filter>Utils</Filter>
    </ClInclude>
    <ClInclude Include="imconfig.h">
      <Filter>99.Defines\ImGUI</Filter>
    </ClInclude>
    <ClInclude Include="imgui.h">
      <Filter>99.Defines\ImGUI</Filter>
    </ClInclude>
    <ClInclude Include="imgui_impl_dx11.h">
      <Filter>99.Defines\ImGUI</Filter>
    </ClInclude>
    <ClInclude Include="imgui_impl_win32.h">
      <Filter>99.Defines\ImGUI</Filter>
    </ClInclude>
    <ClInclude Include="imgui_internal.h">
      <Filter>99.Defines\ImGUI</Filter>
    </ClInclude>
    <ClInclude Include="imstb_rectpack.h">
      <Filter>99.Defines\ImGUI</Filter>
    </ClInclude>
    <ClInclude Include="imstb_textedit.h">
      <Filter>99.Defines\ImGUI</Filter>
    </ClInclude>
    <ClInclude Include="imstb_truetype.h">
      <Filter>99.Defines\ImGUI</Filter>
    </ClInclude>
    <ClInclude Include="ImGui_Manager.h">
      <Filter>99.Defines\ImGUI\Manager</Filter>
    </ClInclude>
    <ClInclude Include="..\Public\ToolApp.h">
      <Filter>00.ToolApp</Filter>
    </ClInclude>
    <ClInclude Include="..\Public\Level_Converter.h">
      <Filter>01.Levels\Convert</Filter>
    </ClInclude>
    <ClInclude Include="..\Public\Level_StaticMeshTest.h">
      <Filter>01.Levels\StaticMeshTest</Filter>
    </ClInclude>
    <ClInclude Include="..\Public\TestCorin.h">
      <Filter>02.GameObject\TestCorin</Filter>
    </ClInclude>
    <ClInclude Include="..\Public\TestCam.h">
      <Filter>02.GameObject\Camera</Filter>
    </ClInclude>
    <ClInclude Include="..\Public\Level_Loading.h">
      <Filter>01.Levels\Loading</Filter>
    </ClInclude>
    <ClInclude Include="..\Public\Loader.h">
      <Filter>01.Levels\Loading\Loader</Filter>
    </ClInclude>
    <ClInclude Include="..\Public\TestSphere.h">
      <Filter>02.GameObject\TestSphere</Filter>
    </ClInclude>
    <ClInclude Include="..\Public\SkyBox.h">
      <Filter>02.GameObject\SkyBox</Filter>
    </ClInclude>
    <ClInclude Include="..\Public\TestPlayCam.h">
      <Filter>02.GameObject\Camera</Filter>
    </ClInclude>
    <ClInclude Include="..\Public\imnodes.h">
      <Filter>99.Defines\ImNodes</Filter>
    </ClInclude>
    <ClInclude Include="..\Public\imnodes_internal.h">
      <Filter>99.Defines\ImNodes</Filter>
    </ClInclude>
    <ClInclude Include="..\Public\TestCamScript.h">
      <Filter>03.Scirpts</Filter>
    </ClInclude>
    <ClInclude Include="..\Public\TestPlayCamScript.h">
      <Filter>03.Scirpts</Filter>
    </ClInclude>
    <ClInclude Include="..\Public\TestCorinScript.h">
      <Filter>03.Scirpts</Filter>
    </ClInclude>
    <ClInclude Include="..\Public\TestUI.h">
      <Filter>02.GameObject\TestUI</Filter>
    </ClInclude>
    <ClInclude Include="..\Public\NetworkView.h">
      <Filter>03.Scirpts\Network</Filter>
    </ClInclude>
    <ClInclude Include="..\Public\INetworkObservable.h">
      <Filter>03.Scirpts\Network</Filter>
    </ClInclude>
    <ClInclude Include="..\Public\NetworkTransformView.h">
      <Filter>03.Scirpts\Network\NetworkTransformView</Filter>
    </ClInclude>
    <ClInclude Include="..\Public\NetworkManager.h">
      <Filter>03.Scirpts\Network\Manager</Filter>
    </ClInclude>
    <ClInclude Include="..\Public\NetworkAnimationView.h">
      <Filter>03.Scirpts\Network\NetworkAnimationView</Filter>
    </ClInclude>
    <ClInclude Include="..\Public\CorinWeapon.h">
      <Filter>02.GameObject\CorinWeapon</Filter>
    </ClInclude>
    <ClInclude Include="..\Public\CorinWeaponScript.h">
      <Filter>03.Scirpts</Filter>
    </ClInclude>
    <ClInclude Include="..\Public\BaseState.h">
      <Filter>04.StateMachine</Filter>
    </ClInclude>
    <ClInclude Include="..\Public\CorinIdle.h">
      <Filter>04.StateMachine\Corin\Idle</Filter>
    </ClInclude>
    <ClInclude Include="..\Public\StateMachine.h">
      <Filter>04.StateMachine</Filter>
    </ClInclude>
    <ClInclude Include="..\Public\CorinStateMachineScript.h">
      <Filter>04.StateMachine\Corin</Filter>
    </ClInclude>
    <ClInclude Include="..\Public\CorinEvade.h">
      <Filter>04.StateMachine\Corin\Evade</Filter>
    </ClInclude>
    <ClInclude Include="..\Public\CorinNormalAttack.h">
      <Filter>04.StateMachine\Corin\NormalAttack</Filter>
    </ClInclude>
    <ClInclude Include="..\Public\CorinDashAttack.h">
      <Filter>04.StateMachine\Corin\DashAttack</Filter>
    </ClInclude>
    <ClInclude Include="..\Public\AlpecaInfestedScript.h">
      <Filter>03.Scirpts</Filter>
    </ClInclude>
    <ClInclude Include="..\Public\TagManagerScript.h">
      <Filter>03.Scirpts</Filter>
    </ClInclude>
    <ClInclude Include="..\Public\CorinSleep.h">
      <Filter>04.StateMachine\Corin\Sleep</Filter>
    </ClInclude>
    <ClInclude Include="..\Public\EllenStateMachineScript.h">
      <Filter>04.StateMachine\Ellen</Filter>
    </ClInclude>
    <ClInclude Include="..\Public\EllenIdle.h">
      <Filter>04.StateMachine\Ellen\Idle</Filter>
    </ClInclude>
    <ClInclude Include="..\Public\EllenWeaponScript.h">
      <Filter>03.Scirpts</Filter>
    </ClInclude>
    <ClInclude Include="..\Public\EllenEvade.h">
      <Filter>04.StateMachine\Ellen\Evade</Filter>
    </ClInclude>
    <ClInclude Include="..\Public\EllenNormalAttack.h">
      <Filter>04.StateMachine\Ellen\NormalAttack</Filter>
    </ClInclude>
    <ClInclude Include="..\Public\CorinSwitchOut.h">
      <Filter>04.StateMachine\Corin\SwitchOut</Filter>
    </ClInclude>
    <ClInclude Include="..\Public\CorinSwitchIn.h">
      <Filter>04.StateMachine\Corin\SwitchIn</Filter>
    </ClInclude>
    <ClInclude Include="..\Public\EllenSwitchOut.h">
      <Filter>04.StateMachine\Ellen\SwitchOut</Filter>
    </ClInclude>
    <ClInclude Include="..\Public\EllenSwitchIn.h">
      <Filter>04.StateMachine\Ellen\SwitchIn</Filter>
    </ClInclude>
    <ClInclude Include="..\Public\EllenSleep.h">
      <Filter>04.StateMachine\Ellen\Sleep</Filter>
    </ClInclude>
  </ItemGroup>
  <ItemGroup>
    <Image Include="AssimpTool.ico">
      <Filter>98.Default</Filter>
    </Image>
    <Image Include="small.ico">
      <Filter>98.Default</Filter>
    </Image>
  </ItemGroup>
  <ItemGroup>
    <ResourceCompile Include="AssimpTool.rc">
      <Filter>98.Default</Filter>
    </ResourceCompile>
  </ItemGroup>
  <ItemGroup>
    <ClCompile Include="AssimpTool.cpp">
      <Filter>98.Default</Filter>
    </ClCompile>
    <ClCompile Include="pch.cpp" />
    <ClCompile Include="..\Private\Converter.cpp">
      <Filter>Utils</Filter>
    </ClCompile>
    <ClCompile Include="..\Private\AsTypes.cpp">
      <Filter>Utils</Filter>
    </ClCompile>
    <ClCompile Include="imgui.cpp">
      <Filter>99.Defines\ImGUI</Filter>
    </ClCompile>
    <ClCompile Include="imgui_demo.cpp">
      <Filter>99.Defines\ImGUI</Filter>
    </ClCompile>
    <ClCompile Include="imgui_draw.cpp">
      <Filter>99.Defines\ImGUI</Filter>
    </ClCompile>
    <ClCompile Include="imgui_impl_dx11.cpp">
      <Filter>99.Defines\ImGUI</Filter>
    </ClCompile>
    <ClCompile Include="imgui_impl_win32.cpp">
      <Filter>99.Defines\ImGUI</Filter>
    </ClCompile>
    <ClCompile Include="imgui_tables.cpp">
      <Filter>99.Defines\ImGUI</Filter>
    </ClCompile>
    <ClCompile Include="imgui_widgets.cpp">
      <Filter>99.Defines\ImGUI</Filter>
    </ClCompile>
    <ClCompile Include="ImGui_Manager.cpp">
      <Filter>99.Defines\ImGUI\Manager</Filter>
    </ClCompile>
    <ClCompile Include="..\Private\ToolApp.cpp">
      <Filter>00.ToolApp</Filter>
    </ClCompile>
    <ClCompile Include="..\Private\Level_Converter.cpp">
      <Filter>01.Levels\Convert</Filter>
    </ClCompile>
    <ClCompile Include="..\Private\SimpleMath.cpp">
      <Filter>Utils</Filter>
    </ClCompile>
    <ClCompile Include="..\Private\Level_StaticMeshTest.cpp">
      <Filter>01.Levels\StaticMeshTest</Filter>
    </ClCompile>
    <ClCompile Include="..\Private\TestCorin.cpp">
      <Filter>02.GameObject\TestCorin</Filter>
    </ClCompile>
    <ClCompile Include="..\Private\TestCam.cpp">
      <Filter>02.GameObject\Camera</Filter>
    </ClCompile>
    <ClCompile Include="..\Private\tinyxml2.cpp">
      <Filter>Utils</Filter>
    </ClCompile>
    <ClCompile Include="..\Private\Level_Loading.cpp">
      <Filter>01.Levels\Loading</Filter>
    </ClCompile>
    <ClCompile Include="..\Private\Loader.cpp">
      <Filter>01.Levels\Loading\Loader</Filter>
    </ClCompile>
    <ClCompile Include="..\Private\TestSphere.cpp">
      <Filter>02.GameObject\TestSphere</Filter>
    </ClCompile>
    <ClCompile Include="GraphEditor.cpp">
      <Filter>99.Defines\ImGuizmo</Filter>
    </ClCompile>
    <ClCompile Include="ImCurveEdit.cpp">
      <Filter>99.Defines\ImGuizmo</Filter>
    </ClCompile>
    <ClCompile Include="ImGradient.cpp">
      <Filter>99.Defines\ImGuizmo</Filter>
    </ClCompile>
    <ClCompile Include="ImGuizmo.cpp">
      <Filter>99.Defines\ImGuizmo</Filter>
    </ClCompile>
    <ClCompile Include="ImSequencer.cpp">
      <Filter>99.Defines\ImGuizmo</Filter>
    </ClCompile>
    <ClCompile Include="..\Private\SkyBox.cpp">
      <Filter>02.GameObject\SkyBox</Filter>
    </ClCompile>
    <ClCompile Include="..\Private\TestPlayCam.cpp">
      <Filter>02.GameObject\Camera</Filter>
    </ClCompile>
    <ClCompile Include="..\Private\imnodes.cpp">
      <Filter>99.Defines\ImNodes</Filter>
    </ClCompile>
    <ClCompile Include="..\Private\TestCamScript.cpp">
      <Filter>03.Scirpts</Filter>
    </ClCompile>
    <ClCompile Include="..\Private\TestPlayCamScript.cpp">
      <Filter>03.Scirpts</Filter>
    </ClCompile>
    <ClCompile Include="..\Private\TestCorinScript.cpp">
      <Filter>03.Scirpts</Filter>
    </ClCompile>
    <ClCompile Include="..\Private\TestUI.cpp">
      <Filter>02.GameObject\TestUI</Filter>
    </ClCompile>
    <ClCompile Include="..\Private\NetworkView.cpp">
      <Filter>03.Scirpts\Network</Filter>
    </ClCompile>
    <ClCompile Include="..\Private\INetworkObservable.cpp">
      <Filter>03.Scirpts\Network</Filter>
    </ClCompile>
    <ClCompile Include="..\Private\NetworkTransformView.cpp">
      <Filter>03.Scirpts\Network\NetworkTransformView</Filter>
    </ClCompile>
    <ClCompile Include="..\Private\NetworkManager.cpp">
      <Filter>03.Scirpts\Network\Manager</Filter>
    </ClCompile>
    <ClCompile Include="..\Private\NetworkAnimationView.cpp">
      <Filter>03.Scirpts\Network\NetworkAnimationView</Filter>
    </ClCompile>
    <ClCompile Include="..\Private\CorinWeapon.cpp">
      <Filter>02.GameObject\CorinWeapon</Filter>
    </ClCompile>
    <ClCompile Include="..\Private\CorinWeaponScript.cpp">
      <Filter>03.Scirpts</Filter>
    </ClCompile>
    <ClCompile Include="..\Private\BaseState.cpp">
      <Filter>04.StateMachine</Filter>
    </ClCompile>
    <ClCompile Include="..\Private\CorinIdle.cpp">
      <Filter>04.StateMachine\Corin\Idle</Filter>
    </ClCompile>
    <ClCompile Include="..\Private\StateMachine.cpp">
      <Filter>04.StateMachine</Filter>
    </ClCompile>
    <ClCompile Include="..\Private\CorinStateMachineScript.cpp">
      <Filter>04.StateMachine\Corin</Filter>
    </ClCompile>
    <ClCompile Include="..\Private\CorinEvade.cpp">
      <Filter>04.StateMachine\Corin\Evade</Filter>
    </ClCompile>
    <ClCompile Include="..\Private\CorinNormalAttack.cpp">
      <Filter>04.StateMachine\Corin\NormalAttack</Filter>
    </ClCompile>
    <ClCompile Include="..\Private\CorinDashAttack.cpp">
      <Filter>04.StateMachine\Corin\DashAttack</Filter>
    </ClCompile>
    <ClCompile Include="..\Private\AlpecaInfestedScript.cpp">
      <Filter>03.Scirpts</Filter>
    </ClCompile>
    <ClCompile Include="..\Private\TagManagerScript.cpp">
      <Filter>03.Scirpts</Filter>
    </ClCompile>
    <ClCompile Include="..\Private\CorinSleep.cpp">
      <Filter>04.StateMachine\Corin\Sleep</Filter>
    </ClCompile>
    <ClCompile Include="..\Private\EllenStateMachineScript.cpp">
      <Filter>04.StateMachine\Ellen</Filter>
    </ClCompile>
    <ClCompile Include="..\Private\EllenIdle.cpp">
      <Filter>04.StateMachine\Ellen\Idle</Filter>
    </ClCompile>
    <ClCompile Include="..\Private\EllenWeaponScript.cpp">
      <Filter>03.Scirpts</Filter>
    </ClCompile>
    <ClCompile Include="..\Private\EllenEvade.cpp">
      <Filter>04.StateMachine\Ellen\Evade</Filter>
    </ClCompile>
    <ClCompile Include="..\Private\EllenNormalAttack.cpp">
      <Filter>04.StateMachine\Ellen\NormalAttack</Filter>
    </ClCompile>
    <ClCompile Include="..\Private\CorinSwitchOut.cpp">
      <Filter>04.StateMachine\Corin\SwitchOut</Filter>
    </ClCompile>
    <ClCompile Include="..\Private\CorinSwitchIn.cpp">
      <Filter>04.StateMachine\Corin\SwitchIn</Filter>
    </ClCompile>
    <ClCompile Include="..\Private\EllenSwitchOut.cpp">
      <Filter>04.StateMachine\Ellen\SwitchOut</Filter>
    </ClCompile>
    <ClCompile Include="..\Private\EllenSwitchIn.cpp">
      <Filter>04.StateMachine\Ellen\SwitchIn</Filter>
    </ClCompile>
    <ClCompile Include="..\Private\EllenSleep.cpp">
      <Filter>04.StateMachine\Ellen\Sleep</Filter>
    </ClCompile>
  </ItemGroup>
</Project>