<?xml version="1.0" encoding="utf-8"?>
<Project ToolsVersion="4.0" xmlns="http://schemas.microsoft.com/developer/msbuild/2003">
  <ItemGroup>
    <Filter Include="98.Default">
      <UniqueIdentifier>{9a6a778a-198f-4d2e-a858-50d229df983e}</UniqueIdentifier>
    </Filter>
    <Filter Include="99.Defines">
      <UniqueIdentifier>{75fb9e5e-95de-49ce-acd6-ff07fdaa63a5}</UniqueIdentifier>
    </Filter>
    <Filter Include="99.Defines\ImGUI">
      <UniqueIdentifier>{dea638e5-5b29-44a2-b95a-bd1bc47d6403}</UniqueIdentifier>
    </Filter>
    <Filter Include="99.Defines\ImGUI\Manager">
      <UniqueIdentifier>{40eb5c04-e887-43f2-8c24-563db8168f77}</UniqueIdentifier>
    </Filter>
    <Filter Include="Utils">
      <UniqueIdentifier>{57595ff5-d0b5-4d97-8474-1406e5ecce11}</UniqueIdentifier>
    </Filter>
    <Filter Include="00.ToolApp">
      <UniqueIdentifier>{4852cac4-a3fd-45d9-b672-88daed87759e}</UniqueIdentifier>
    </Filter>
    <Filter Include="01.Levels">
      <UniqueIdentifier>{684c089a-8364-460a-884a-c5bb2ded7a93}</UniqueIdentifier>
    </Filter>
    <Filter Include="02.GameObject">
      <UniqueIdentifier>{cb215a62-aeee-431f-ab52-d77b10839455}</UniqueIdentifier>
    </Filter>
    <Filter Include="01.Levels\Convert">
      <UniqueIdentifier>{f5c592b9-6617-4798-90e3-9ac4b6b1a755}</UniqueIdentifier>
    </Filter>
    <Filter Include="01.Levels\StaticMeshTest">
      <UniqueIdentifier>{02d5897f-2092-4bde-a8a8-bba1bed01790}</UniqueIdentifier>
    </Filter>
    <Filter Include="02.GameObject\TestCorin">
      <UniqueIdentifier>{cb62f88c-92fd-46a4-b4c6-55173fc513e4}</UniqueIdentifier>
    </Filter>
    <Filter Include="02.GameObject\Camera">
      <UniqueIdentifier>{ffff6ea4-1ce6-4d58-8290-ef7417dc244f}</UniqueIdentifier>
    </Filter>
    <Filter Include="01.Levels\Loading">
      <UniqueIdentifier>{286bb1ab-8a8c-49e0-afcc-a35d466d00a6}</UniqueIdentifier>
    </Filter>
    <Filter Include="01.Levels\Loading\Loader">
      <UniqueIdentifier>{cf6cd715-1b99-427c-8b52-22a64b3410b8}</UniqueIdentifier>
    </Filter>
    <Filter Include="02.GameObject\TestCorin\Scripts">
      <UniqueIdentifier>{1f8daec9-e4f1-48bf-a3ac-f14fa1ec3b6e}</UniqueIdentifier>
    </Filter>
    <Filter Include="02.GameObject\Camera\Scripts">
      <UniqueIdentifier>{598f3b97-ff47-49c8-a61f-13286ab22826}</UniqueIdentifier>
    </Filter>
    <Filter Include="02.GameObject\TestSphere">
      <UniqueIdentifier>{84a7866b-1dd9-4496-84cb-c57d9f3a3c50}</UniqueIdentifier>
    </Filter>
    <Filter Include="02.GameObject\TestSphere\Scripts">
      <UniqueIdentifier>{86bc7321-e802-4f5e-a5c3-39e4621d13a8}</UniqueIdentifier>
    </Filter>
    <Filter Include="99.Defines\ImGuizmo">
      <UniqueIdentifier>{84ecab7d-6c64-4274-b65d-ee077cd6147e}</UniqueIdentifier>
    </Filter>
    <Filter Include="02.GameObject\SkyBox">
      <UniqueIdentifier>{76242c09-1342-444a-9338-ae54e4ef6a03}</UniqueIdentifier>
    </Filter>
    <Filter Include="02.GameObject\SkyBox\Scripts">
      <UniqueIdentifier>{7b48be44-2c72-4175-a0d0-915a8cd573e8}</UniqueIdentifier>
    </Filter>
  </ItemGroup>
  <ItemGroup>
    <ClInclude Include="AssimpTool.h">
      <Filter>98.Default</Filter>
    </ClInclude>
    <ClInclude Include="framework.h">
      <Filter>98.Default</Filter>
    </ClInclude>
    <ClInclude Include="Resource.h">
      <Filter>98.Default</Filter>
    </ClInclude>
    <ClInclude Include="targetver.h">
      <Filter>98.Default</Filter>
    </ClInclude>
    <ClInclude Include="pch.h" />
    <ClInclude Include="..\Public\AssimpTool_Defines.h">
      <Filter>99.Defines</Filter>
    </ClInclude>
    <ClInclude Include="..\Public\Converter.h">
      <Filter>Utils</Filter>
    </ClInclude>
    <ClInclude Include="..\Public\AsTypes.h">
      <Filter>Utils</Filter>
    </ClInclude>
    <ClInclude Include="imconfig.h">
      <Filter>99.Defines\ImGUI</Filter>
    </ClInclude>
    <ClInclude Include="imgui.h">
      <Filter>99.Defines\ImGUI</Filter>
    </ClInclude>
    <ClInclude Include="imgui_impl_dx11.h">
      <Filter>99.Defines\ImGUI</Filter>
    </ClInclude>
    <ClInclude Include="imgui_impl_win32.h">
      <Filter>99.Defines\ImGUI</Filter>
    </ClInclude>
    <ClInclude Include="imgui_internal.h">
      <Filter>99.Defines\ImGUI</Filter>
    </ClInclude>
    <ClInclude Include="imstb_rectpack.h">
      <Filter>99.Defines\ImGUI</Filter>
    </ClInclude>
    <ClInclude Include="imstb_textedit.h">
      <Filter>99.Defines\ImGUI</Filter>
    </ClInclude>
    <ClInclude Include="imstb_truetype.h">
      <Filter>99.Defines\ImGUI</Filter>
    </ClInclude>
    <ClInclude Include="ImGui_Manager.h">
      <Filter>99.Defines\ImGUI\Manager</Filter>
    </ClInclude>
    <ClInclude Include="..\Public\ToolApp.h">
      <Filter>00.ToolApp</Filter>
    </ClInclude>
    <ClInclude Include="..\Public\Level_Converter.h">
      <Filter>01.Levels\Convert</Filter>
    </ClInclude>
    <ClInclude Include="..\Public\Level_StaticMeshTest.h">
      <Filter>01.Levels\StaticMeshTest</Filter>
    </ClInclude>
    <ClInclude Include="..\Public\TestCorin.h">
      <Filter>02.GameObject\TestCorin</Filter>
    </ClInclude>
    <ClInclude Include="..\Public\TestCam.h">
      <Filter>02.GameObject\Camera</Filter>
    </ClInclude>
    <ClInclude Include="..\Public\Level_Loading.h">
      <Filter>01.Levels\Loading</Filter>
    </ClInclude>
    <ClInclude Include="..\Public\Loader.h">
      <Filter>01.Levels\Loading\Loader</Filter>
    </ClInclude>
    <ClInclude Include="..\Public\TestCorinScript.h">
      <Filter>02.GameObject\TestCorin\Scripts</Filter>
    </ClInclude>
    <ClInclude Include="..\Public\TestCamScript.h">
      <Filter>02.GameObject\Camera\Scripts</Filter>
    </ClInclude>
    <ClInclude Include="..\Public\TestSphere.h">
      <Filter>02.GameObject\TestSphere</Filter>
    </ClInclude>
    <ClInclude Include="..\Public\TestSphereScript.h">
      <Filter>02.GameObject\TestSphere\Scripts</Filter>
    </ClInclude>
    <ClInclude Include="..\Public\SkyBox.h">
      <Filter>02.GameObject\SkyBox</Filter>
    </ClInclude>
    <ClInclude Include="..\Public\SkyBoxScript.h">
      <Filter>02.GameObject\SkyBox\Scripts</Filter>
    </ClInclude>
  </ItemGroup>
  <ItemGroup>
    <Image Include="AssimpTool.ico">
      <Filter>98.Default</Filter>
    </Image>
    <Image Include="small.ico">
      <Filter>98.Default</Filter>
    </Image>
  </ItemGroup>
  <ItemGroup>
    <ResourceCompile Include="AssimpTool.rc">
      <Filter>98.Default</Filter>
    </ResourceCompile>
  </ItemGroup>
  <ItemGroup>
    <ClCompile Include="AssimpTool.cpp">
      <Filter>98.Default</Filter>
    </ClCompile>
    <ClCompile Include="pch.cpp" />
    <ClCompile Include="..\Private\Converter.cpp">
      <Filter>Utils</Filter>
    </ClCompile>
    <ClCompile Include="..\Private\AsTypes.cpp">
      <Filter>Utils</Filter>
    </ClCompile>
    <ClCompile Include="imgui.cpp">
      <Filter>99.Defines\ImGUI</Filter>
    </ClCompile>
    <ClCompile Include="imgui_demo.cpp">
      <Filter>99.Defines\ImGUI</Filter>
    </ClCompile>
    <ClCompile Include="imgui_draw.cpp">
      <Filter>99.Defines\ImGUI</Filter>
    </ClCompile>
    <ClCompile Include="imgui_impl_dx11.cpp">
      <Filter>99.Defines\ImGUI</Filter>
    </ClCompile>
    <ClCompile Include="imgui_impl_win32.cpp">
      <Filter>99.Defines\ImGUI</Filter>
    </ClCompile>
    <ClCompile Include="imgui_tables.cpp">
      <Filter>99.Defines\ImGUI</Filter>
    </ClCompile>
    <ClCompile Include="imgui_widgets.cpp">
      <Filter>99.Defines\ImGUI</Filter>
    </ClCompile>
    <ClCompile Include="ImGui_Manager.cpp">
      <Filter>99.Defines\ImGUI\Manager</Filter>
    </ClCompile>
    <ClCompile Include="..\Private\ToolApp.cpp">
      <Filter>00.ToolApp</Filter>
    </ClCompile>
    <ClCompile Include="..\Private\Level_Converter.cpp">
      <Filter>01.Levels\Convert</Filter>
    </ClCompile>
    <ClCompile Include="..\Private\SimpleMath.cpp">
      <Filter>Utils</Filter>
    </ClCompile>
    <ClCompile Include="..\Private\Level_StaticMeshTest.cpp">
      <Filter>01.Levels\StaticMeshTest</Filter>
    </ClCompile>
    <ClCompile Include="..\Private\TestCorin.cpp">
      <Filter>02.GameObject\TestCorin</Filter>
    </ClCompile>
    <ClCompile Include="..\Private\TestCam.cpp">
      <Filter>02.GameObject\Camera</Filter>
    </ClCompile>
    <ClCompile Include="..\Private\tinyxml2.cpp">
      <Filter>Utils</Filter>
    </ClCompile>
    <ClCompile Include="..\Private\Level_Loading.cpp">
      <Filter>01.Levels\Loading</Filter>
    </ClCompile>
    <ClCompile Include="..\Private\Loader.cpp">
      <Filter>01.Levels\Loading\Loader</Filter>
    </ClCompile>
    <ClCompile Include="..\Private\TestCorinScript.cpp">
      <Filter>02.GameObject\TestCorin\Scripts</Filter>
    </ClCompile>
    <ClCompile Include="..\Private\TestCamScript.cpp">
      <Filter>02.GameObject\Camera\Scripts</Filter>
    </ClCompile>
    <ClCompile Include="..\Private\TestSphere.cpp">
      <Filter>02.GameObject\TestSphere</Filter>
    </ClCompile>
    <ClCompile Include="..\Private\TestSphereScript.cpp">
      <Filter>02.GameObject\TestSphere\Scripts</Filter>
    </ClCompile>
    <ClCompile Include="GraphEditor.cpp">
      <Filter>99.Defines\ImGuizmo</Filter>
    </ClCompile>
    <ClCompile Include="ImCurveEdit.cpp">
      <Filter>99.Defines\ImGuizmo</Filter>
    </ClCompile>
    <ClCompile Include="ImGradient.cpp">
      <Filter>99.Defines\ImGuizmo</Filter>
    </ClCompile>
    <ClCompile Include="ImGuizmo.cpp">
      <Filter>99.Defines\ImGuizmo</Filter>
    </ClCompile>
    <ClCompile Include="ImSequencer.cpp">
      <Filter>99.Defines\ImGuizmo</Filter>
    </ClCompile>
    <ClCompile Include="..\Private\SkyBox.cpp">
      <Filter>02.GameObject\SkyBox</Filter>
    </ClCompile>
    <ClCompile Include="..\Private\SkyBoxScript.cpp">
      <Filter>02.GameObject\SkyBox\Scripts</Filter>
    </ClCompile>
  </ItemGroup>
</Project>