<?xml version="1.0" encoding="utf-8"?>
<Project ToolsVersion="4.0" xmlns="http://schemas.microsoft.com/developer/msbuild/2003">
  <ItemGroup>
    <Filter Include="소스 파일">
      <UniqueIdentifier>{4FC737F1-C7A5-4376-A066-2A32D752A2FF}</UniqueIdentifier>
      <Extensions>cpp;c;cc;cxx;c++;cppm;ixx;def;odl;idl;hpj;bat;asm;asmx</Extensions>
    </Filter>
    <Filter Include="SynchronousEchoServer">
      <UniqueIdentifier>{07cdc441-3637-452c-aa94-e6987e116fb8}</UniqueIdentifier>
    </Filter>
    <Filter Include="SimpleChatServer">
      <UniqueIdentifier>{077a84c3-fc98-4ed0-9a98-9ed85b045013}</UniqueIdentifier>
    </Filter>
  </ItemGroup>
  <ItemGroup>
    <ClCompile Include="GameServer.cpp">
      <Filter>소스 파일</Filter>
    </ClCompile>
    <ClCompile Include="pch.cpp">
      <Filter>소스 파일</Filter>
    </ClCompile>
    <ClCompile Include="SynchronousEchoServer.cpp">
      <Filter>SynchronousEchoServer</Filter>
    </ClCompile>
    <ClCompile Include="SimpleChatServer.cpp">
      <Filter>SimpleChatServer</Filter>
    </ClCompile>
  </ItemGroup>
  <ItemGroup>
    <ClInclude Include="pch.h">
      <Filter>소스 파일</Filter>
    </ClInclude>
    <ClInclude Include="SynchronousEchoServer.h">
      <Filter>SynchronousEchoServer</Filter>
    </ClInclude>
    <ClInclude Include="SimpleChatServer.h">
      <Filter>SimpleChatServer</Filter>
    </ClInclude>
  </ItemGroup>
</Project>